
Microsoft Visual Studio Solution File, Format Version 12.00
# Visual Studio Version 17
VisualStudioVersion = 17.6.33723.286
MinimumVisualStudioVersion = 10.0.40219.1
Project("{FAE04EC0-301F-11D3-BF4B-00C04F79EFBC}") = "VendasWebAplication", "VendasWebAplication\VendasWebAplication.csproj", "{376DD0F3-7384-451F-B3CB-129160AC46B8}"
EndProject
Global
	GlobalSection(SolutionConfigurationPlatforms) = preSolution
		Debug|Any CPU = Debug|Any CPU
		Release|Any CPU = Release|Any CPU
	EndGlobalSection
	GlobalSection(ProjectConfigurationPlatforms) = postSolution
		{376DD0F3-7384-451F-B3CB-129160AC46B8}.Debug|Any CPU.ActiveCfg = Debug|Any CPU
		{376DD0F3-7384-451F-B3CB-129160AC46B8}.Debug|Any CPU.Build.0 = Debug|Any CPU
		{376DD0F3-7384-451F-B3CB-129160AC46B8}.Release|Any CPU.ActiveCfg = Release|Any CPU
		{376DD0F3-7384-451F-B3CB-129160AC46B8}.Release|Any CPU.Build.0 = Release|Any CPU
	EndGlobalSection
	GlobalSection(SolutionProperties) = preSolution
		HideSolutionNode = FALSE
	EndGlobalSection
	GlobalSection(ExtensibilityGlobals) = postSolution
		SolutionGuid = {AABD2841-5732-49EA-8243-EFF3A3175F23}
	EndGlobalSection
EndGlobal
